
Microsoft Visual Studio Solution File, Format Version 11.00
# Visual Studio 2010
Project("{FAE04EC0-301F-11D3-BF4B-00C04F79EFBC}") = "MSMQWpf", "MSMQWpf\MSMQWpf.csproj", "{36DBCD0C-EC70-491C-89E7-9D92AFAD77E9}"
EndProject
Project("{FAE04EC0-301F-11D3-BF4B-00C04F79EFBC}") = "Messages", "Messages\Messages.csproj", "{AA16C5D7-656E-47C7-994B-D833FF799689}"
EndProject
Project("{2150E333-8FDC-42A3-9474-1A3956D46DE8}") = "Solution Items", "Solution Items", "{49984536-D892-498C-9CCE-55F593D475D8}"
	ProjectSection(SolutionItems) = preProject
		Note.txt = Note.txt
	EndProjectSection
EndProject
Project("{FAE04EC0-301F-11D3-BF4B-00C04F79EFBC}") = "ICSharpCode.AvalonEdit", "C:\Users\bodom\Downloads\Compressed\SharpDevelop-master\SharpDevelop-master\src\Libraries\AvalonEdit\ICSharpCode.AvalonEdit\ICSharpCode.AvalonEdit.csproj", "{6C55B776-26D4-4DB3-A6AB-87E783B2F3D1}"
EndProject
Global
	GlobalSection(SolutionConfigurationPlatforms) = preSolution
		Debug|Any CPU = Debug|Any CPU
		Debug|Mixed Platforms = Debug|Mixed Platforms
		Debug|x86 = Debug|x86
		Release|Any CPU = Release|Any CPU
		Release|Mixed Platforms = Release|Mixed Platforms
		Release|x86 = Release|x86
	EndGlobalSection
	GlobalSection(ProjectConfigurationPlatforms) = postSolution
		{36DBCD0C-EC70-491C-89E7-9D92AFAD77E9}.Debug|Any CPU.ActiveCfg = Debug|x86
		{36DBCD0C-EC70-491C-89E7-9D92AFAD77E9}.Debug|Mixed Platforms.ActiveCfg = Debug|x86
		{36DBCD0C-EC70-491C-89E7-9D92AFAD77E9}.Debug|Mixed Platforms.Build.0 = Debug|x86
		{36DBCD0C-EC70-491C-89E7-9D92AFAD77E9}.Debug|x86.ActiveCfg = Debug|x86
		{36DBCD0C-EC70-491C-89E7-9D92AFAD77E9}.Debug|x86.Build.0 = Debug|x86
		{36DBCD0C-EC70-491C-89E7-9D92AFAD77E9}.Release|Any CPU.ActiveCfg = Release|x86
		{36DBCD0C-EC70-491C-89E7-9D92AFAD77E9}.Release|Mixed Platforms.ActiveCfg = Release|x86
		{36DBCD0C-EC70-491C-89E7-9D92AFAD77E9}.Release|Mixed Platforms.Build.0 = Release|x86
		{36DBCD0C-EC70-491C-89E7-9D92AFAD77E9}.Release|x86.ActiveCfg = Release|x86
		{36DBCD0C-EC70-491C-89E7-9D92AFAD77E9}.Release|x86.Build.0 = Release|x86
		{AA16C5D7-656E-47C7-994B-D833FF799689}.Debug|Any CPU.ActiveCfg = Debug|Any CPU
		{AA16C5D7-656E-47C7-994B-D833FF799689}.Debug|Any CPU.Build.0 = Debug|Any CPU
		{AA16C5D7-656E-47C7-994B-D833FF799689}.Debug|Mixed Platforms.ActiveCfg = Debug|Any CPU
		{AA16C5D7-656E-47C7-994B-D833FF799689}.Debug|Mixed Platforms.Build.0 = Debug|Any CPU
		{AA16C5D7-656E-47C7-994B-D833FF799689}.Debug|x86.ActiveCfg = Debug|Any CPU
		{AA16C5D7-656E-47C7-994B-D833FF799689}.Release|Any CPU.ActiveCfg = Release|Any CPU
		{AA16C5D7-656E-47C7-994B-D833FF799689}.Release|Any CPU.Build.0 = Release|Any CPU
		{AA16C5D7-656E-47C7-994B-D833FF799689}.Release|Mixed Platforms.ActiveCfg = Release|Any CPU
		{AA16C5D7-656E-47C7-994B-D833FF799689}.Release|Mixed Platforms.Build.0 = Release|Any CPU
		{AA16C5D7-656E-47C7-994B-D833FF799689}.Release|x86.ActiveCfg = Release|Any CPU
		{6C55B776-26D4-4DB3-A6AB-87E783B2F3D1}.Debug|Any CPU.ActiveCfg = Debug|Any CPU
		{6C55B776-26D4-4DB3-A6AB-87E783B2F3D1}.Debug|Any CPU.Build.0 = Debug|Any CPU
		{6C55B776-26D4-4DB3-A6AB-87E783B2F3D1}.Debug|Mixed Platforms.ActiveCfg = Debug|Any CPU
		{6C55B776-26D4-4DB3-A6AB-87E783B2F3D1}.Debug|Mixed Platforms.Build.0 = Debug|Any CPU
		{6C55B776-26D4-4DB3-A6AB-87E783B2F3D1}.Debug|x86.ActiveCfg = Debug|Any CPU
		{6C55B776-26D4-4DB3-A6AB-87E783B2F3D1}.Release|Any CPU.ActiveCfg = Release|Any CPU
		{6C55B776-26D4-4DB3-A6AB-87E783B2F3D1}.Release|Any CPU.Build.0 = Release|Any CPU
		{6C55B776-26D4-4DB3-A6AB-87E783B2F3D1}.Release|Mixed Platforms.ActiveCfg = Release|Any CPU
		{6C55B776-26D4-4DB3-A6AB-87E783B2F3D1}.Release|Mixed Platforms.Build.0 = Release|Any CPU
		{6C55B776-26D4-4DB3-A6AB-87E783B2F3D1}.Release|x86.ActiveCfg = Release|Any CPU
	EndGlobalSection
	GlobalSection(SolutionProperties) = preSolution
		HideSolutionNode = FALSE
	EndGlobalSection
EndGlobal
